
Microsoft Visual Studio Solution File, Format Version 12.00
# Visual Studio Version 17
VisualStudioVersion = 17.6.33723.286
MinimumVisualStudioVersion = 10.0.40219.1
Project("{9A19103F-16F7-4668-BE54-9A1E7A4F7556}") = "DemoBlazorWebAssembly", "DemoBlazorWebAssembly.csproj", "{362FF6D8-FB34-44B9-8009-A4FBEC0AD426}"
EndProject
Project("{9A19103F-16F7-4668-BE54-9A1E7A4F7556}") = "LIbreriaComponentiBlazor", "..\LIbreriaComponentiBlazor\LIbreriaComponentiBlazor.csproj", "{284D7D7F-C605-439C-93DF-210660FB7683}"
EndProject
Project("{FAE04EC0-301F-11D3-BF4B-00C04F79EFBC}") = "MiaAppBlazorServer", "..\MiaAppBlazorServer\MiaAppBlazorServer.csproj", "{4F34B9C1-C44C-4369-B332-7D29B9D44417}"
EndProject
Global
	GlobalSection(SolutionConfigurationPlatforms) = preSolution
		Debug|Any CPU = Debug|Any CPU
		Release|Any CPU = Release|Any CPU
	EndGlobalSection
	GlobalSection(ProjectConfigurationPlatforms) = postSolution
		{362FF6D8-FB34-44B9-8009-A4FBEC0AD426}.Debug|Any CPU.ActiveCfg = Debug|Any CPU
		{362FF6D8-FB34-44B9-8009-A4FBEC0AD426}.Debug|Any CPU.Build.0 = Debug|Any CPU
		{362FF6D8-FB34-44B9-8009-A4FBEC0AD426}.Release|Any CPU.ActiveCfg = Release|Any CPU
		{362FF6D8-FB34-44B9-8009-A4FBEC0AD426}.Release|Any CPU.Build.0 = Release|Any CPU
		{284D7D7F-C605-439C-93DF-210660FB7683}.Debug|Any CPU.ActiveCfg = Debug|Any CPU
		{284D7D7F-C605-439C-93DF-210660FB7683}.Debug|Any CPU.Build.0 = Debug|Any CPU
		{284D7D7F-C605-439C-93DF-210660FB7683}.Release|Any CPU.ActiveCfg = Release|Any CPU
		{284D7D7F-C605-439C-93DF-210660FB7683}.Release|Any CPU.Build.0 = Release|Any CPU
		{4F34B9C1-C44C-4369-B332-7D29B9D44417}.Debug|Any CPU.ActiveCfg = Debug|Any CPU
		{4F34B9C1-C44C-4369-B332-7D29B9D44417}.Debug|Any CPU.Build.0 = Debug|Any CPU
		{4F34B9C1-C44C-4369-B332-7D29B9D44417}.Release|Any CPU.ActiveCfg = Release|Any CPU
		{4F34B9C1-C44C-4369-B332-7D29B9D44417}.Release|Any CPU.Build.0 = Release|Any CPU
	EndGlobalSection
	GlobalSection(SolutionProperties) = preSolution
		HideSolutionNode = FALSE
	EndGlobalSection
	GlobalSection(ExtensibilityGlobals) = postSolution
		SolutionGuid = {62BFE26B-67B4-4BE3-9E3A-AFBF55E4BE1B}
	EndGlobalSection
EndGlobal
